
Microsoft Visual Studio Solution File, Format Version 12.00
# Visual Studio Version 17
VisualStudioVersion = 17.0.31903.59
MinimumVisualStudioVersion = 10.0.40219.1
Project("{2150E333-8FDC-42A3-9474-1A3956D46DE8}") = "src", "src", "{A55CF192-56F5-47B3-BC05-F47B4BE03990}"
EndProject
Project("{9A19103F-16F7-4668-BE54-9A1E7A4F7556}") = "Api", "src\Api\Api.csproj", "{66055A5D-308F-440C-9497-FDA52F82D8CB}"
EndProject
Project("{9A19103F-16F7-4668-BE54-9A1E7A4F7556}") = "Application", "src\Application\Application.csproj", "{5C750EBB-074E-4A9F-A5DB-0A283FBCFC6F}"
EndProject
Project("{9A19103F-16F7-4668-BE54-9A1E7A4F7556}") = "Domain", "src\Domain\Domain.csproj", "{AC14B907-6B83-4DE0-9317-85B5305EB995}"
EndProject
Project("{9A19103F-16F7-4668-BE54-9A1E7A4F7556}") = "Infrastructure", "src\Infrastructure\Infrastructure.csproj", "{BBCE76AF-6D41-4A3F-98AC-FDC0C0F2851B}"
EndProject
Project("{9A19103F-16F7-4668-BE54-9A1E7A4F7556}") = "Tests", "src\Tests\Tests.csproj", "{088A08AD-6050-47AE-BED9-847818B8C5D6}"
EndProject
Project("{9A19103F-16F7-4668-BE54-9A1E7A4F7556}") = "Persistence", "src\Persistence\Persistence.csproj", "{DE87C040-8559-4B54-AADC-312FCC6B5A24}"
EndProject
Project("{FAE04EC0-301F-11D3-BF4B-00C04F79EFBC}") = "Shared", "Shared\Shared.csproj", "{0AE0A20F-A2CB-46D3-8F90-7FD075AA40DF}"
EndProject
Global
	GlobalSection(SolutionConfigurationPlatforms) = preSolution
		Debug|Any CPU = Debug|Any CPU
		Release|Any CPU = Release|Any CPU
	EndGlobalSection
	GlobalSection(ProjectConfigurationPlatforms) = postSolution
		{66055A5D-308F-440C-9497-FDA52F82D8CB}.Debug|Any CPU.ActiveCfg = Debug|Any CPU
		{66055A5D-308F-440C-9497-FDA52F82D8CB}.Debug|Any CPU.Build.0 = Debug|Any CPU
		{66055A5D-308F-440C-9497-FDA52F82D8CB}.Release|Any CPU.ActiveCfg = Release|Any CPU
		{66055A5D-308F-440C-9497-FDA52F82D8CB}.Release|Any CPU.Build.0 = Release|Any CPU
		{5C750EBB-074E-4A9F-A5DB-0A283FBCFC6F}.Debug|Any CPU.ActiveCfg = Debug|Any CPU
		{5C750EBB-074E-4A9F-A5DB-0A283FBCFC6F}.Debug|Any CPU.Build.0 = Debug|Any CPU
		{5C750EBB-074E-4A9F-A5DB-0A283FBCFC6F}.Release|Any CPU.ActiveCfg = Release|Any CPU
		{5C750EBB-074E-4A9F-A5DB-0A283FBCFC6F}.Release|Any CPU.Build.0 = Release|Any CPU
		{AC14B907-6B83-4DE0-9317-85B5305EB995}.Debug|Any CPU.ActiveCfg = Debug|Any CPU
		{AC14B907-6B83-4DE0-9317-85B5305EB995}.Debug|Any CPU.Build.0 = Debug|Any CPU
		{AC14B907-6B83-4DE0-9317-85B5305EB995}.Release|Any CPU.ActiveCfg = Release|Any CPU
		{AC14B907-6B83-4DE0-9317-85B5305EB995}.Release|Any CPU.Build.0 = Release|Any CPU
		{BBCE76AF-6D41-4A3F-98AC-FDC0C0F2851B}.Debug|Any CPU.ActiveCfg = Debug|Any CPU
		{BBCE76AF-6D41-4A3F-98AC-FDC0C0F2851B}.Debug|Any CPU.Build.0 = Debug|Any CPU
		{BBCE76AF-6D41-4A3F-98AC-FDC0C0F2851B}.Release|Any CPU.ActiveCfg = Release|Any CPU
		{BBCE76AF-6D41-4A3F-98AC-FDC0C0F2851B}.Release|Any CPU.Build.0 = Release|Any CPU
		{088A08AD-6050-47AE-BED9-847818B8C5D6}.Debug|Any CPU.ActiveCfg = Debug|Any CPU
		{088A08AD-6050-47AE-BED9-847818B8C5D6}.Debug|Any CPU.Build.0 = Debug|Any CPU
		{088A08AD-6050-47AE-BED9-847818B8C5D6}.Release|Any CPU.ActiveCfg = Release|Any CPU
		{088A08AD-6050-47AE-BED9-847818B8C5D6}.Release|Any CPU.Build.0 = Release|Any CPU
		{DE87C040-8559-4B54-AADC-312FCC6B5A24}.Debug|Any CPU.ActiveCfg = Debug|Any CPU
		{DE87C040-8559-4B54-AADC-312FCC6B5A24}.Debug|Any CPU.Build.0 = Debug|Any CPU
		{DE87C040-8559-4B54-AADC-312FCC6B5A24}.Release|Any CPU.ActiveCfg = Release|Any CPU
		{DE87C040-8559-4B54-AADC-312FCC6B5A24}.Release|Any CPU.Build.0 = Release|Any CPU
		{0AE0A20F-A2CB-46D3-8F90-7FD075AA40DF}.Debug|Any CPU.ActiveCfg = Debug|Any CPU
		{0AE0A20F-A2CB-46D3-8F90-7FD075AA40DF}.Debug|Any CPU.Build.0 = Debug|Any CPU
		{0AE0A20F-A2CB-46D3-8F90-7FD075AA40DF}.Release|Any CPU.ActiveCfg = Release|Any CPU
		{0AE0A20F-A2CB-46D3-8F90-7FD075AA40DF}.Release|Any CPU.Build.0 = Release|Any CPU
	EndGlobalSection
	GlobalSection(SolutionProperties) = preSolution
		HideSolutionNode = FALSE
	EndGlobalSection
	GlobalSection(NestedProjects) = preSolution
		{66055A5D-308F-440C-9497-FDA52F82D8CB} = {A55CF192-56F5-47B3-BC05-F47B4BE03990}
		{5C750EBB-074E-4A9F-A5DB-0A283FBCFC6F} = {A55CF192-56F5-47B3-BC05-F47B4BE03990}
		{AC14B907-6B83-4DE0-9317-85B5305EB995} = {A55CF192-56F5-47B3-BC05-F47B4BE03990}
		{BBCE76AF-6D41-4A3F-98AC-FDC0C0F2851B} = {A55CF192-56F5-47B3-BC05-F47B4BE03990}
		{088A08AD-6050-47AE-BED9-847818B8C5D6} = {A55CF192-56F5-47B3-BC05-F47B4BE03990}
		{DE87C040-8559-4B54-AADC-312FCC6B5A24} = {A55CF192-56F5-47B3-BC05-F47B4BE03990}
		{0AE0A20F-A2CB-46D3-8F90-7FD075AA40DF} = {A55CF192-56F5-47B3-BC05-F47B4BE03990}
	EndGlobalSection
	GlobalSection(ExtensibilityGlobals) = postSolution
		SolutionGuid = {46FB58B6-394D-4AAA-9C56-2EBD8071F886}
	EndGlobalSection
EndGlobal
